
Microsoft Visual Studio Solution File, Format Version 12.00
# Visual Studio 14
VisualStudioVersion = 14.0.25420.1
MinimumVisualStudioVersion = 10.0.40219.1
Project("{FAE04EC0-301F-11D3-BF4B-00C04F79EFBC}") = "ShieldPortal", "DMP\ShieldPortal.csproj", "{D4691C2F-EF1F-472A-8852-60DCAF4C0FAA}"
EndProject
Project("{FAE04EC0-301F-11D3-BF4B-00C04F79EFBC}") = "DAL", "DAL\DAL.csproj", "{9F0B7662-62EA-468E-B677-34FAAC9F120F}"
EndProject
Project("{FAE04EC0-301F-11D3-BF4B-00C04F79EFBC}") = "Test", "Test\Test.csproj", "{060D32DA-3975-4255-9F97-96E509AA7A7F}"
EndProject
Project("{FAE04EC0-301F-11D3-BF4B-00C04F79EFBC}") = "BWReport.DAL", "BWReport.DAL\BWReport.DAL.csproj", "{7E34C156-215C-4B47-81A0-8FF1D0CC1EE4}"
EndProject
Project("{FAE04EC0-301F-11D3-BF4B-00C04F79EFBC}") = "CommonUtil", "CommonUtil\CommonUtil.csproj", "{4D8392CE-F3A5-4822-B65D-CE0ED6798638}"
EndProject
Project("{FAE04EC0-301F-11D3-BF4B-00C04F79EFBC}") = "DQA.DAL", "DQA.DAL\DQA.DAL.csproj", "{ADC0F63F-CE6C-4BE8-867F-16EAF68B00B4}"
EndProject
Project("{FAE04EC0-301F-11D3-BF4B-00C04F79EFBC}") = "EvaluationPlan.DAL", "EvaluationPlan.DAL\EvaluationPlan.DAL.csproj", "{0DE3FEB8-0203-47C8-A405-31583C31CCAF}"
EndProject
Global
	GlobalSection(SolutionConfigurationPlatforms) = preSolution
		Debug|Any CPU = Debug|Any CPU
		Release|Any CPU = Release|Any CPU
	EndGlobalSection
	GlobalSection(ProjectConfigurationPlatforms) = postSolution
		{D4691C2F-EF1F-472A-8852-60DCAF4C0FAA}.Debug|Any CPU.ActiveCfg = Debug|Any CPU
		{D4691C2F-EF1F-472A-8852-60DCAF4C0FAA}.Debug|Any CPU.Build.0 = Debug|Any CPU
		{D4691C2F-EF1F-472A-8852-60DCAF4C0FAA}.Release|Any CPU.ActiveCfg = Release|Any CPU
		{D4691C2F-EF1F-472A-8852-60DCAF4C0FAA}.Release|Any CPU.Build.0 = Release|Any CPU
		{9F0B7662-62EA-468E-B677-34FAAC9F120F}.Debug|Any CPU.ActiveCfg = Debug|Any CPU
		{9F0B7662-62EA-468E-B677-34FAAC9F120F}.Debug|Any CPU.Build.0 = Debug|Any CPU
		{9F0B7662-62EA-468E-B677-34FAAC9F120F}.Release|Any CPU.ActiveCfg = Release|Any CPU
		{9F0B7662-62EA-468E-B677-34FAAC9F120F}.Release|Any CPU.Build.0 = Release|Any CPU
		{060D32DA-3975-4255-9F97-96E509AA7A7F}.Debug|Any CPU.ActiveCfg = Debug|Any CPU
		{060D32DA-3975-4255-9F97-96E509AA7A7F}.Debug|Any CPU.Build.0 = Debug|Any CPU
		{060D32DA-3975-4255-9F97-96E509AA7A7F}.Release|Any CPU.ActiveCfg = Release|Any CPU
		{060D32DA-3975-4255-9F97-96E509AA7A7F}.Release|Any CPU.Build.0 = Release|Any CPU
		{7E34C156-215C-4B47-81A0-8FF1D0CC1EE4}.Debug|Any CPU.ActiveCfg = Debug|Any CPU
		{7E34C156-215C-4B47-81A0-8FF1D0CC1EE4}.Debug|Any CPU.Build.0 = Debug|Any CPU
		{7E34C156-215C-4B47-81A0-8FF1D0CC1EE4}.Release|Any CPU.ActiveCfg = Release|Any CPU
		{7E34C156-215C-4B47-81A0-8FF1D0CC1EE4}.Release|Any CPU.Build.0 = Release|Any CPU
		{4D8392CE-F3A5-4822-B65D-CE0ED6798638}.Debug|Any CPU.ActiveCfg = Debug|Any CPU
		{4D8392CE-F3A5-4822-B65D-CE0ED6798638}.Debug|Any CPU.Build.0 = Debug|Any CPU
		{4D8392CE-F3A5-4822-B65D-CE0ED6798638}.Release|Any CPU.ActiveCfg = Release|Any CPU
		{4D8392CE-F3A5-4822-B65D-CE0ED6798638}.Release|Any CPU.Build.0 = Release|Any CPU
		{ADC0F63F-CE6C-4BE8-867F-16EAF68B00B4}.Debug|Any CPU.ActiveCfg = Debug|Any CPU
		{ADC0F63F-CE6C-4BE8-867F-16EAF68B00B4}.Debug|Any CPU.Build.0 = Debug|Any CPU
		{ADC0F63F-CE6C-4BE8-867F-16EAF68B00B4}.Release|Any CPU.ActiveCfg = Release|Any CPU
		{ADC0F63F-CE6C-4BE8-867F-16EAF68B00B4}.Release|Any CPU.Build.0 = Release|Any CPU
		{0DE3FEB8-0203-47C8-A405-31583C31CCAF}.Debug|Any CPU.ActiveCfg = Debug|Any CPU
		{0DE3FEB8-0203-47C8-A405-31583C31CCAF}.Debug|Any CPU.Build.0 = Debug|Any CPU
		{0DE3FEB8-0203-47C8-A405-31583C31CCAF}.Release|Any CPU.ActiveCfg = Release|Any CPU
		{0DE3FEB8-0203-47C8-A405-31583C31CCAF}.Release|Any CPU.Build.0 = Release|Any CPU
	EndGlobalSection
	GlobalSection(SolutionProperties) = preSolution
		HideSolutionNode = FALSE
	EndGlobalSection
EndGlobal
